// !$*UTF8*$!
{
	archiveVersion = 1;
	classes = {
	};
	objectVersion = 50;
	objects = {

/* Begin PBXBuildFile section */
		84D8C15721BE6E430028F110 /* AppDelegate.swift in Sources */ = {isa = PBXBuildFile; fileRef = 84D8C15621BE6E430028F110 /* AppDelegate.swift */; };
		84D8C15921BE6E430028F110 /* ViewController.swift in Sources */ = {isa = PBXBuildFile; fileRef = 84D8C15821BE6E430028F110 /* ViewController.swift */; };
		84D8C15C21BE6E430028F110 /* Main.storyboard in Resources */ = {isa = PBXBuildFile; fileRef = 84D8C15A21BE6E430028F110 /* Main.storyboard */; };
		84D8C15E21BE6E440028F110 /* Assets.xcassets in Resources */ = {isa = PBXBuildFile; fileRef = 84D8C15D21BE6E440028F110 /* Assets.xcassets */; };
		84D8C16121BE6E440028F110 /* LaunchScreen.storyboard in Resources */ = {isa = PBXBuildFile; fileRef = 84D8C15F21BE6E440028F110 /* LaunchScreen.storyboard */; };
		84D8C16921BE6FD20028F110 /* myNotificationClass.swift in Sources */ = {isa = PBXBuildFile; fileRef = 84D8C16821BE6FD20028F110 /* myNotificationClass.swift */; };
		84D8C16B21BE6FFB0028F110 /* myTimeCalculationClass.swift in Sources */ = {isa = PBXBuildFile; fileRef = 84D8C16A21BE6FFB0028F110 /* myTimeCalculationClass.swift */; };
/* End PBXBuildFile section */

/* Begin PBXFileReference section */
		84D8C15321BE6E430028F110 /* App03.app */ = {isa = PBXFileReference; explicitFileType = wrapper.application; includeInIndex = 0; path = App03.app; sourceTree = BUILT_PRODUCTS_DIR; };
		84D8C15621BE6E430028F110 /* AppDelegate.swift */ = {isa = PBXFileReference; lastKnownFileType = sourcecode.swift; path = AppDelegate.swift; sourceTree = "<group>"; };
		84D8C15821BE6E430028F110 /* ViewController.swift */ = {isa = PBXFileReference; lastKnownFileType = sourcecode.swift; path = ViewController.swift; sourceTree = "<group>"; };
		84D8C15B21BE6E430028F110 /* Base */ = {isa = PBXFileReference; lastKnownFileType = file.storyboard; name = Base; path = Base.lproj/Main.storyboard; sourceTree = "<group>"; };
		84D8C15D21BE6E440028F110 /* Assets.xcassets */ = {isa = PBXFileReference; lastKnownFileType = folder.assetcatalog; path = Assets.xcassets; sourceTree = "<group>"; };
		84D8C16021BE6E440028F110 /* Base */ = {isa = PBXFileReference; lastKnownFileType = file.storyboard; name = Base; path = Base.lproj/LaunchScreen.storyboard; sourceTree = "<group>"; };
		84D8C16221BE6E450028F110 /* Info.plist */ = {isa = PBXFileReference; lastKnownFileType = text.plist.xml; path = Info.plist; sourceTree = "<group>"; };
		84D8C16821BE6FD20028F110 /* myNotificationClass.swift */ = {isa = PBXFileReference; lastKnownFileType = sourcecode.swift; path = myNotificationClass.swift; sourceTree = "<group>"; };
		84D8C16A21BE6FFB0028F110 /* myTimeCalculationClass.swift */ = {isa = PBXFileReference; lastKnownFileType = sourcecode.swift; path = myTimeCalculationClass.swift; sourceTree = "<group>"; };
/* End PBXFileReference section */

/* Begin PBXFrameworksBuildPhase section */
		84D8C15021BE6E430028F110 /* Frameworks */ = {
			isa = PBXFrameworksBuildPhase;
			buildActionMask = 2147483647;
			files = (
			);
			runOnlyForDeploymentPostprocessing = 0;
		};
/* End PBXFrameworksBuildPhase section */

/* Begin PBXGroup section */
		84D8C14A21BE6E430028F110 = {
			isa = PBXGroup;
			children = (
				84D8C15521BE6E430028F110 /* App03 */,
				84D8C15421BE6E430028F110 /* Products */,
			);
			sourceTree = "<group>";
		};
		84D8C15421BE6E430028F110 /* Products */ = {
			isa = PBXGroup;
			children = (
				84D8C15321BE6E430028F110 /* App03.app */,
			);
			name = Products;
			sourceTree = "<group>";
		};
		84D8C15521BE6E430028F110 /* App03 */ = {
			isa = PBXGroup;
			children = (
				84D8C15621BE6E430028F110 /* AppDelegate.swift */,
				84D8C15821BE6E430028F110 /* ViewController.swift */,
				84D8C15A21BE6E430028F110 /* Main.storyboard */,
				84D8C15D21BE6E440028F110 /* Assets.xcassets */,
				84D8C15F21BE6E440028F110 /* LaunchScreen.storyboard */,
				84D8C16221BE6E450028F110 /* Info.plist */,
				84D8C16821BE6FD20028F110 /* myNotificationClass.swift */,
				84D8C16A21BE6FFB0028F110 /* myTimeCalculationClass.swift */,
			);
			path = App03;
			sourceTree = "<group>";
		};
/* End PBXGroup section */

/* Begin PBXNativeTarget section */
		84D8C15221BE6E430028F110 /* App03 */ = {
			isa = PBXNativeTarget;
			buildConfigurationList = 84D8C16521BE6E450028F110 /* Build configuration list for PBXNativeTarget "App03" */;
			buildPhases = (
				84D8C14F21BE6E430028F110 /* Sources */,
				84D8C15021BE6E430028F110 /* Frameworks */,
				84D8C15121BE6E430028F110 /* Resources */,
			);
			buildRules = (
			);
			dependencies = (
			);
			name = App03;
			productName = App03;
			productReference = 84D8C15321BE6E430028F110 /* App03.app */;
			productType = "com.apple.product-type.application";
		};
/* End PBXNativeTarget section */

/* Begin PBXProject section */
		84D8C14B21BE6E430028F110 /* Project object */ = {
			isa = PBXProject;
			attributes = {
				LastSwiftUpdateCheck = 1010;
				LastUpgradeCheck = 1010;
				ORGANIZATIONNAME = "Reina Yako";
				TargetAttributes = {
					84D8C15221BE6E430028F110 = {
						CreatedOnToolsVersion = 10.1;
						SystemCapabilities = {
							com.apple.BackgroundModes = {
								enabled = 1;
							};
						};
					};
				};
			};
			buildConfigurationList = 84D8C14E21BE6E430028F110 /* Build configuration list for PBXProject "App03" */;
			compatibilityVersion = "Xcode 9.3";
			developmentRegion = en;
			hasScannedForEncodings = 0;
			knownRegions = (
				en,
				Base,
			);
			mainGroup = 84D8C14A21BE6E430028F110;
			productRefGroup = 84D8C15421BE6E430028F110 /* Products */;
			projectDirPath = "";
			projectRoot = "";
			targets = (
				84D8C15221BE6E430028F110 /* App03 */,
			);
		};
/* End PBXProject section */

/* Begin PBXResourcesBuildPhase section */
		84D8C15121BE6E430028F110 /* Resources */ = {
			isa = PBXResourcesBuildPhase;
			buildActionMask = 2147483647;
			files = (
				84D8C16121BE6E440028F110 /* LaunchScreen.storyboard in Resources */,
				84D8C15E21BE6E440028F110 /* Assets.xcassets in Resources */,
				84D8C15C21BE6E430028F110 /* Main.storyboard in Resources */,
			);
			runOnlyForDeploymentPostprocessing = 0;
		};
/* End PBXResourcesBuildPhase section */

/* Begin PBXSourcesBuildPhase section */
		84D8C14F21BE6E430028F110 /* Sources */ = {
			isa = PBXSourcesBuildPhase;
			buildActionMask = 2147483647;
			files = (
				84D8C16921BE6FD20028F110 /* myNotificationClass.swift in Sources */,
				84D8C16B21BE6FFB0028F110 /* myTimeCalculationClass.swift in Sources */,
				84D8C15921BE6E430028F110 /* ViewController.swift in Sources */,
				84D8C15721BE6E430028F110 /* AppDelegate.swift in Sources */,
			);
			runOnlyForDeploymentPostprocessing = 0;
		};
/* End PBXSourcesBuildPhase section */

/* Begin PBXVariantGroup section */
		84D8C15A21BE6E430028F110 /* Main.storyboard */ = {
			isa = PBXVariantGroup;
			children = (
				84D8C15B21BE6E430028F110 /* Base */,
			);
			name = Main.storyboard;
			sourceTree = "<group>";
		};
		84D8C15F21BE6E440028F110 /* LaunchScreen.storyboard */ = {
			isa = PBXVariantGroup;
			children = (
				84D8C16021BE6E440028F110 /* Base */,
			);
			name = LaunchScreen.storyboard;
			sourceTree = "<group>";
		};
/* End PBXVariantGroup section */

/* Begin XCBuildConfiguration section */
		84D8C16321BE6E450028F110 /* Debug */ = {
			isa = XCBuildConfiguration;
			buildSettings = {
				ALWAYS_SEARCH_USER_PATHS = NO;
				CLANG_ANALYZER_NONNULL = YES;
				CLANG_ANALYZER_NUMBER_OBJECT_CONVERSION = YES_AGGRESSIVE;
				CLANG_CXX_LANGUAGE_STANDARD = "gnu++14";
				CLANG_CXX_LIBRARY = "libc++";
				CLANG_ENABLE_MODULES = YES;
				CLANG_ENABLE_OBJC_ARC = YES;
				CLANG_ENABLE_OBJC_WEAK = YES;
				CLANG_WARN_BLOCK_CAPTURE_AUTORELEASING = YES;
				CLANG_WARN_BOOL_CONVERSION = YES;
				CLANG_WARN_COMMA = YES;
				CLANG_WARN_CONSTANT_CONVERSION = YES;
				CLANG_WARN_DEPRECATED_OBJC_IMPLEMENTATIONS = YES;
				CLANG_WARN_DIRECT_OBJC_ISA_USAGE = YES_ERROR;
				CLANG_WARN_DOCUMENTATION_COMMENTS = YES;
				CLANG_WARN_EMPTY_BODY = YES;
				CLANG_WARN_ENUM_CONVERSION = YES;
				CLANG_WARN_INFINITE_RECURSION = YES;
				CLANG_WARN_INT_CONVERSION = YES;
				CLANG_WARN_NON_LITERAL_NULL_CONVERSION = YES;
				CLANG_WARN_OBJC_IMPLICIT_RETAIN_SELF = YES;
				CLANG_WARN_OBJC_LITERAL_CONVERSION = YES;
				CLANG_WARN_OBJC_ROOT_CLASS = YES_ERROR;
				CLANG_WARN_RANGE_LOOP_ANALYSIS = YES;
				CLANG_WARN_STRICT_PROTOTYPES = YES;
				CLANG_WARN_SUSPICIOUS_MOVE = YES;
				CLANG_WARN_UNGUARDED_AVAILABILITY = YES_AGGRESSIVE;
				CLANG_WARN_UNREACHABLE_CODE = YES;
				CLANG_WARN__DUPLICATE_METHOD_MATCH = YES;
				CODE_SIGN_IDENTITY = "iPhone Developer";
				COPY_PHASE_STRIP = NO;
				DEBUG_INFORMATION_FORMAT = dwarf;
				ENABLE_STRICT_OBJC_MSGSEND = YES;
				ENABLE_TESTABILITY = YES;
				GCC_C_LANGUAGE_STANDARD = gnu11;
				GCC_DYNAMIC_NO_PIC = NO;
				GCC_NO_COMMON_BLOCKS = YES;
				GCC_OPTIMIZATION_LEVEL = 0;
				GCC_PREPROCESSOR_DEFINITIONS = (
					"DEBUG=1",
					"$(inherited)",
				);
				GCC_WARN_64_TO_32_BIT_CONVERSION = YES;
				GCC_WARN_ABOUT_RETURN_TYPE = YES_ERROR;
				GCC_WARN_UNDECLARED_SELECTOR = YES;
				GCC_WARN_UNINITIALIZED_AUTOS = YES_AGGRESSIVE;
				GCC_WARN_UNUSED_FUNCTION = YES;
				GCC_WARN_UNUSED_VARIABLE = YES;
				IPHONEOS_DEPLOYMENT_TARGET = 12.1;
				MTL_ENABLE_DEBUG_INFO = INCLUDE_SOURCE;
				MTL_FAST_MATH = YES;
				ONLY_ACTIVE_ARCH = YES;
				SDKROOT = iphoneos;
				SWIFT_ACTIVE_COMPILATION_CONDITIONS = DEBUG;
				SWIFT_OPTIMIZATION_LEVEL = "-Onone";
			};
			name = Debug;
		};
		84D8C16421BE6E450028F110 /* Release */ = {
			isa = XCBuildConfiguration;
			buildSettings = {
				ALWAYS_SEARCH_USER_PATHS = NO;
				CLANG_ANALYZER_NONNULL = YES;
				CLANG_ANALYZER_NUMBER_OBJECT_CONVERSION = YES_AGGRESSIVE;
				CLANG_CXX_LANGUAGE_STANDARD = "gnu++14";
				CLANG_CXX_LIBRARY = "libc++";
				CLANG_ENABLE_MODULES = YES;
				CLANG_ENABLE_OBJC_ARC = YES;
				CLANG_ENABLE_OBJC_WEAK = YES;
				CLANG_WARN_BLOCK_CAPTURE_AUTORELEASING = YES;
				CLANG_WARN_BOOL_CONVERSION = YES;
				CLANG_WARN_COMMA = YES;
				CLANG_WARN_CONSTANT_CONVERSION = YES;
				CLANG_WARN_DEPRECATED_OBJC_IMPLEMENTATIONS = YES;
				CLANG_WARN_DIRECT_OBJC_ISA_USAGE = YES_ERROR;
				CLANG_WARN_DOCUMENTATION_COMMENTS = YES;
				CLANG_WARN_EMPTY_BODY = YES;
				CLANG_WARN_ENUM_CONVERSION = YES;
				CLANG_WARN_INFINITE_RECURSION = YES;
				CLANG_WARN_INT_CONVERSION = YES;
				CLANG_WARN_NON_LITERAL_NULL_CONVERSION = YES;
				CLANG_WARN_OBJC_IMPLICIT_RETAIN_SELF = YES;
				CLANG_WARN_OBJC_LITERAL_CONVERSION = YES;
				CLANG_WARN_OBJC_ROOT_CLASS = YES_ERROR;
				CLANG_WARN_RANGE_LOOP_ANALYSIS = YES;
				CLANG_WARN_STRICT_PROTOTYPES = YES;
				CLANG_WARN_SUSPICIOUS_MOVE = YES;
				CLANG_WARN_UNGUARDED_AVAILABILITY = YES_AGGRESSIVE;
				CLANG_WARN_UNREACHABLE_CODE = YES;
				CLANG_WARN__DUPLICATE_METHOD_MATCH = YES;
				CODE_SIGN_IDENTITY = "iPhone Developer";
				COPY_PHASE_STRIP = NO;
				DEBUG_INFORMATION_FORMAT = "dwarf-with-dsym";
				ENABLE_NS_ASSERTIONS = NO;
				ENABLE_STRICT_OBJC_MSGSEND = YES;
				GCC_C_LANGUAGE_STANDARD = gnu11;
				GCC_NO_COMMON_BLOCKS = YES;
				GCC_WARN_64_TO_32_BIT_CONVERSION = YES;
				GCC_WARN_ABOUT_RETURN_TYPE = YES_ERROR;
				GCC_WARN_UNDECLARED_SELECTOR = YES;
				GCC_WARN_UNINITIALIZED_AUTOS = YES_AGGRESSIVE;
				GCC_WARN_UNUSED_FUNCTION = YES;
				GCC_WARN_UNUSED_VARIABLE = YES;
				IPHONEOS_DEPLOYMENT_TARGET = 12.1;
				MTL_ENABLE_DEBUG_INFO = NO;
				MTL_FAST_MATH = YES;
				SDKROOT = iphoneos;
				SWIFT_COMPILATION_MODE = wholemodule;
				SWIFT_OPTIMIZATION_LEVEL = "-O";
				VALIDATE_PRODUCT = YES;
			};
			name = Release;
		};
		84D8C16621BE6E450028F110 /* Debug */ = {
			isa = XCBuildConfiguration;
			buildSettings = {
				ASSETCATALOG_COMPILER_APPICON_NAME = AppIcon;
				CODE_SIGN_STYLE = Automatic;
				DEVELOPMENT_TEAM = 2U9LZ8D5R8;
				INFOPLIST_FILE = App03/Info.plist;
				IPHONEOS_DEPLOYMENT_TARGET = 12.0;
				LD_RUNPATH_SEARCH_PATHS = (
					"$(inherited)",
					"@executable_path/Frameworks",
				);
				PRODUCT_BUNDLE_IDENTIFIER = com.gmail.kmurata.seminar.App03;
				PRODUCT_NAME = "$(TARGET_NAME)";
				SWIFT_VERSION = 4.2;
				TARGETED_DEVICE_FAMILY = "1,2";
			};
			name = Debug;
		};
		84D8C16721BE6E450028F110 /* Release */ = {
			isa = XCBuildConfiguration;
			buildSettings = {
				ASSETCATALOG_COMPILER_APPICON_NAME = AppIcon;
				CODE_SIGN_STYLE = Automatic;
				DEVELOPMENT_TEAM = 2U9LZ8D5R8;
				INFOPLIST_FILE = App03/Info.plist;
				IPHONEOS_DEPLOYMENT_TARGET = 12.0;
				LD_RUNPATH_SEARCH_PATHS = (
					"$(inherited)",
					"@executable_path/Frameworks",
				);
				PRODUCT_BUNDLE_IDENTIFIER = com.gmail.kmurata.seminar.App03;
				PRODUCT_NAME = "$(TARGET_NAME)";
				SWIFT_VERSION = 4.2;
				TARGETED_DEVICE_FAMILY = "1,2";
			};
			name = Release;
		};
/* End XCBuildConfiguration section */

/* Begin XCConfigurationList section */
		84D8C14E21BE6E430028F110 /* Build configuration list for PBXProject "App03" */ = {
			isa = XCConfigurationList;
			buildConfigurations = (
				84D8C16321BE6E450028F110 /* Debug */,
				84D8C16421BE6E450028F110 /* Release */,
			);
			defaultConfigurationIsVisible = 0;
			defaultConfigurationName = Release;
		};
		84D8C16521BE6E450028F110 /* Build configuration list for PBXNativeTarget "App03" */ = {
			isa = XCConfigurationList;
			buildConfigurations = (
				84D8C16621BE6E450028F110 /* Debug */,
				84D8C16721BE6E450028F110 /* Release */,
			);
			defaultConfigurationIsVisible = 0;
			defaultConfigurationName = Release;
		};
/* End XCConfigurationList section */
	};
	rootObject = 84D8C14B21BE6E430028F110 /* Project object */;
}
